{
  "name": "phase2-code-changelle-backend-api",
  "version": "1.0.0",
  "lockfileVersion": 3,
  "requires": true,
  "packages": {
    "": {
      "dependencies": {
        "json-server": "^0.17.3"
      }
    },
    "node_modules/json-server": {
      "version": "0.17.3",
      "resolved": "https://registry.npmjs.org/json-server/-/json-server-0.17.3.tgz",
      "integrity": "sha512-...",
      "dependencies": {
        
      }
    }
  }
}

